
Microsoft Visual Studio Solution File, Format Version 12.00
Project("{FAE04EC0-301F-11D3-BF4B-00C04F79EFBC}") = "List", "List\List.csproj", "{4F15A72E-2108-4521-AA99-312C27E9BE84}"
EndProject
Global
	GlobalSection(SolutionConfigurationPlatforms) = preSolution
		Debug|Any CPU = Debug|Any CPU
		Release|Any CPU = Release|Any CPU
	EndGlobalSection
	GlobalSection(ProjectConfigurationPlatforms) = postSolution
		{4F15A72E-2108-4521-AA99-312C27E9BE84}.Debug|Any CPU.ActiveCfg = Debug|Any CPU
		{4F15A72E-2108-4521-AA99-312C27E9BE84}.Debug|Any CPU.Build.0 = Debug|Any CPU
		{4F15A72E-2108-4521-AA99-312C27E9BE84}.Release|Any CPU.ActiveCfg = Release|Any CPU
		{4F15A72E-2108-4521-AA99-312C27E9BE84}.Release|Any CPU.Build.0 = Release|Any CPU
	EndGlobalSection
EndGlobal
